# This file is autogenerated, do not edit; changes may be undone by the next 'dep ensure'.


[[projects]]
  digest = "1:d99d7505ed692718d6b2d0e5ed3aac6c0a0bca4f8892c8989776dcefdb529dc7"
  name = "github.com/allegro/bigcache"
  packages = [
    ".",
    "queue",
  ]
  pruneopts = "UT"
  revision = "69ea0af04088faa57adb9ac683934277141e92a5"
  version = "v2.0.0"

[[projects]]
  branch = "master"
  digest = "1:7d191fd0c54ff370eaf6116a14dafe2a328df487baea280699f597aae858d00d"
  name = "github.com/aristanetworks/goarista"
  packages = ["monotime"]
  pruneopts = "UT"
  revision = "ed1100a1c0154be237da0078e86b19c523c8c661"

[[projects]]
  branch = "master"
  digest = "1:9e7c5138114ff9c51a60731b3a425c319305013c6ea8b3f60fd2435baba1a0db"
  name = "github.com/btcsuite/btcd"
  packages = ["btcec"]
  pruneopts = "UT"
  revision = "4063feeff79a0da1b08cc857e89d4602e91a294c"

[[projects]]
  digest = "1:ffe9824d294da03b391f44e1ae8281281b4afc1bdaa9588c9097785e3af10cec"
  name = "github.com/davecgh/go-spew"
  packages = ["spew"]
  pruneopts = "UT"
  revision = "8991bc29aa16c548c550c7ff78260e27b9ab7c73"
  version = "v1.1.1"

[[projects]]
  digest = "1:e47d51dab652d26c3fba6f8cba403f922d02757a82abdc77e90df7948daf296e"
  name = "github.com/deckarep/golang-set"
  packages = ["."]
  pruneopts = "UT"
  revision = "cbaa98ba5575e67703b32b4b19f73c91f3c4159e"
  version = "v1.7.1"

[[projects]]
  branch = "master"
  digest = "1:c7644c73a3d23741fdba8a99b1464e021a224b7e205be497271a8003a15ca41b"
  name = "github.com/ebuchman/fail-test"
  packages = ["."]
  pruneopts = "UT"
  revision = "95f809107225be108efcf10a3509e4ea6ceef3c4"

[[projects]]
  digest = "1:edb569dd02419a41ddd98768cc0e7aec922ef19dae139731e5ca750afcf6f4c5"
  name = "github.com/edsrzf/mmap-go"
  packages = ["."]
  pruneopts = "UT"
  revision = "188cc3b666ba704534fa4f96e9e61f21f1e1ba7c"
  version = "v1.0.0"

[[projects]]
  digest = "1:354e3776cdd837e1053751b09e2599d43d57db5d8a9b51aee4a38778044a5803"
  name = "github.com/elastic/gosigar"
  packages = [
    ".",
    "sys/windows",
  ]
  pruneopts = "UT"
  revision = "f75810decf6f4d88b130bfc4d2ba7ccdcea0c01d"
  version = "v0.10.4"

[[projects]]
  digest = "1:222a860ea205104f228e9d86622f5144c10ba014fce88bfe0f4873acded4ec9f"
  name = "github.com/ethereum/go-ethereum"
  packages = [
    ".",
    "accounts",
    "accounts/abi",
    "accounts/abi/bind",
    "accounts/external",
    "accounts/keystore",
    "accounts/scwallet",
    "accounts/usbwallet",
    "accounts/usbwallet/trezor",
    "common",
    "common/bitutil",
    "common/fdlimit",
    "common/hexutil",
    "common/math",
    "common/mclock",
    "common/prque",
    "consensus",
    "consensus/clique",
    "consensus/ethash",
    "consensus/misc",
    "contracts/checkpointoracle",
    "contracts/checkpointoracle/contract",
    "core",
    "core/bloombits",
    "core/forkid",
    "core/rawdb",
    "core/state",
    "core/types",
    "core/vm",
    "crypto",
    "crypto/bn256",
    "crypto/bn256/cloudflare",
    "crypto/bn256/google",
    "crypto/ecies",
    "crypto/secp256k1",
    "eth",
    "eth/downloader",
    "eth/fetcher",
    "eth/filters",
    "eth/gasprice",
    "eth/tracers",
    "eth/tracers/internal/tracers",
    "ethclient",
    "ethdb",
    "ethdb/leveldb",
    "ethdb/memorydb",
    "ethstats",
    "event",
    "internal/debug",
    "internal/ethapi",
    "les",
    "les/flowcontrol",
    "light",
    "log",
    "metrics",
    "metrics/exp",
    "metrics/prometheus",
    "miner",
    "node",
    "p2p",
    "p2p/discover",
    "p2p/discv5",
    "p2p/enode",
    "p2p/enr",
    "p2p/nat",
    "p2p/netutil",
    "params",
    "rlp",
    "rpc",
    "signer/core",
    "signer/storage",
    "trie",
  ]
  pruneopts = "T"
  revision = "e76047e9f5499b58064bddde514dd3119a090adf"
  version = "v1.9.2"

[[projects]]
  branch = "master"
  digest = "1:8dca83e793e4889d86f69d250a77aed8487395487bc8ae0e23cf64ef3eb2ee7e"
  name = "github.com/fjl/memsize"
  packages = [
    ".",
    "memsizeui",
  ]
  pruneopts = "UT"
  revision = "bcb5799ab5e5bd6a0fbd8ba513f95a50d9eac048"

[[projects]]
  branch = "master"
  digest = "1:a7e69236b403d78ca6a00e15a4030e34f99ffdb8be8dc71611361bf8f3d0e8a4"
  name = "github.com/gballet/go-libpcsclite"
  packages = ["."]
  pruneopts = "UT"
  revision = "2772fd86a8ff4306d2749f610a386bfee9e0d727"

[[projects]]
  digest = "1:342e605326dbcb362c94e705d058d51f43b127558f64258114c411075546f5a9"
  name = "github.com/go-kit/kit"
  packages = [
    "log",
    "log/level",
    "log/term",
  ]
  pruneopts = "UT"
  revision = "150a65a7ec6156b4b640c1fd55f26fd3d475d656"
  version = "v0.9.0"

[[projects]]
  digest = "1:4062bc6de62d73e2be342243cf138cf499b34d558876db8d9430e2149388a4d8"
  name = "github.com/go-logfmt/logfmt"
  packages = ["."]
  pruneopts = "UT"
  revision = "07c9b44f60d7ffdfb7d8efe1ad539965737836dc"
  version = "v0.4.0"

[[projects]]
  digest = "1:586ea76dbd0374d6fb649a91d70d652b7fe0ccffb8910a77468e7702e7901f3d"
  name = "github.com/go-stack/stack"
  packages = ["."]
  pruneopts = "UT"
  revision = "2fee6af1a9795aafbe0253a0cfbdf668e1fb8a9a"
  version = "v1.8.0"

[[projects]]
  digest = "1:95e1006e41c641abd2f365dfa0f1213c04da294e7cd5f0bf983af234b775db64"
  name = "github.com/gogo/protobuf"
  packages = [
    "gogoproto",
    "jsonpb",
    "proto",
    "protoc-gen-gogo/descriptor",
    "sortkeys",
    "types",
  ]
  pruneopts = "UT"
  revision = "ba06b47c162d49f2af050fb4c75bcbc86a159d5c"
  version = "v1.2.1"

[[projects]]
  digest = "1:454cfa53a9e013dc5ff9c7159d6cc72692bea23b9bd68bc921ed19ba5ef47ef5"
  name = "github.com/golang/protobuf"
  packages = [
    "jsonpb",
    "proto",
    "protoc-gen-go/descriptor",
    "ptypes",
    "ptypes/any",
    "ptypes/duration",
    "ptypes/struct",
    "ptypes/timestamp",
  ]
  pruneopts = "UT"
  revision = "6c65a5562fc06764971b7c5d05c76c75e84bdbf7"
  version = "v1.3.2"

[[projects]]
  branch = "master"
  digest = "1:e4f5819333ac698d294fe04dbf640f84719658d5c7ce195b10060cc37292ce79"
  name = "github.com/golang/snappy"
  packages = ["."]
  pruneopts = "UT"
  revision = "2a8bb927dd31d8daada140a5d09578521ce5c36a"

[[projects]]
  digest = "1:582b704bebaa06b48c29b0cec224a6058a09c86883aaddabde889cd1a5f73e1b"
  name = "github.com/google/uuid"
  packages = ["."]
  pruneopts = "UT"
  revision = "0cd6bf5da1e1c83f8b45653022c74f71af0538a4"
  version = "v1.1.1"

[[projects]]
  digest = "1:cbec35fe4d5a4fba369a656a8cd65e244ea2c743007d8f6c1ccb132acf9d1296"
  name = "github.com/gorilla/mux"
  packages = ["."]
  pruneopts = "UT"
  revision = "00bdffe0f3c77e27d2cf6f5c70232a2d3e4d9c15"
  version = "v1.7.3"

[[projects]]
  digest = "1:7b5c6e2eeaa9ae5907c391a91c132abfd5c9e8a784a341b5625e750c67e6825d"
  name = "github.com/gorilla/websocket"
  packages = ["."]
  pruneopts = "UT"
  revision = "66b9c49e59c6c48f0ffce28c2d8b8a5678502c6d"
  version = "v1.4.0"

[[projects]]
  digest = "1:c77361e611524ec8f2ad37c408c3c916111a70b6acf806a1200855696bf8fa4d"
  name = "github.com/hashicorp/golang-lru"
  packages = [
    ".",
    "simplelru",
  ]
  pruneopts = "UT"
  revision = "7f827b33c0f158ec5dfbba01bb0b14a4541fd81d"
  version = "v0.5.3"

[[projects]]
  digest = "1:c00cc6d95a674b4b923ac069d364445043bc67836e9bd8aeff8440cfbe6a2cc7"
  name = "github.com/huin/goupnp"
  packages = [
    ".",
    "dcps/internetgateway1",
    "dcps/internetgateway2",
    "httpu",
    "scpd",
    "soap",
    "ssdp",
  ]
  pruneopts = "UT"
  revision = "656e61dfadd241c7cbdd22a023fa81ecb6860ea8"
  version = "v1.0.0"

[[projects]]
  digest = "1:32b82e71cf24f8b78323e0d7903c4b90278486283965aa2a19b1ea13763b8f34"
  name = "github.com/jackpal/go-nat-pmp"
  packages = ["."]
  pruneopts = "UT"
  revision = "c9cfead9f2a36ddf3daa40ba269aa7f4bbba6b62"
  version = "v1.0.1"

[[projects]]
  branch = "master"
  digest = "1:d4cb85f57fbf9273ba7fab81e8337887a127fee71766dd2c82cb1f3322aba411"
  name = "github.com/karalabe/usb"
  packages = ["."]
  pruneopts = "T"
  revision = "9be757f914c0907b7ddd561ea86eec15313ac022"

[[projects]]
  branch = "master"
  digest = "1:a64e323dc06b73892e5bb5d040ced475c4645d456038333883f58934abbf6f72"
  name = "github.com/kr/logfmt"
  packages = ["."]
  pruneopts = "UT"
  revision = "b84e30acd515aadc4b783ad4ff83aff3299bdfe0"

[[projects]]
  digest = "1:ca955a9cd5b50b0f43d2cc3aeb35c951473eeca41b34eb67507f1dbcc0542394"
  name = "github.com/kr/pretty"
  packages = ["."]
  pruneopts = "UT"
  revision = "73f6ac0b30a98e433b289500d779f50c1a6f0712"
  version = "v0.1.0"

[[projects]]
  digest = "1:15b5cc79aad436d47019f814fde81a10221c740dc8ddf769221a65097fb6c2e9"
  name = "github.com/kr/text"
  packages = ["."]
  pruneopts = "UT"
  revision = "e2ffdb16a802fe2bb95e2e35ff34f0e53aeef34f"
  version = "v0.1.0"

[[projects]]
  digest = "1:7c084e0e780596dd2a7e20d25803909a9a43689c153de953520dfbc0b0e51166"
  name = "github.com/mattn/go-colorable"
  packages = ["."]
  pruneopts = "UT"
  revision = "8029fb3788e5a4a9c00e415f586a6d033f5d38b3"
  version = "v0.1.2"

[[projects]]
  digest = "1:9b90c7639a41697f3d4ad12d7d67dfacc9a7a4a6e0bbfae4fc72d0da57c28871"
  name = "github.com/mattn/go-isatty"
  packages = ["."]
  pruneopts = "UT"
  revision = "1311e847b0cb909da63b5fecfb5370aa66236465"
  version = "v0.0.8"

[[projects]]
  digest = "1:0356f3312c9bd1cbeda81505b7fd437501d8e778ab66998ef69f00d7f9b3a0d7"
  name = "github.com/mattn/go-runewidth"
  packages = ["."]
  pruneopts = "UT"
  revision = "3ee7d812e62a0804a7d0a324e0249ca2db3476d3"
  version = "v0.0.4"

[[projects]]
  digest = "1:abcdbf03ca6ca13d3697e2186edc1f33863bbdac2b3a44dfa39015e8903f7409"
  name = "github.com/olekukonko/tablewriter"
  packages = ["."]
  pruneopts = "UT"
  revision = "e6d60cf7ba1f42d86d54cdf5508611c4aafb3970"
  version = "v0.0.1"

[[projects]]
  digest = "1:e5d0bd87abc2781d14e274807a470acd180f0499f8bf5bb18606e9ec22ad9de9"
  name = "github.com/pborman/uuid"
  packages = ["."]
  pruneopts = "UT"
  revision = "adf5a7427709b9deb95d29d3fa8a2bf9cfd388f1"
  version = "v1.2"

[[projects]]
  digest = "1:88996a6b70e2cc7044c25caecd49e4d09bbcdd03e508f65d366f600cfb506dd6"
  name = "github.com/pebbe/zmq4"
  packages = ["."]
  pruneopts = "UT"
  revision = "5b443b6471cea4b4f9f85025530c04c93233f76a"
  version = "v1.0.0"

[[projects]]
  digest = "1:cf31692c14422fa27c83a05292eb5cbe0fb2775972e8f1f8446a71549bd8980b"
  name = "github.com/pkg/errors"
  packages = ["."]
  pruneopts = "UT"
  revision = "ba968bfe8b2f7e042a574c888954fccecfa385b4"
  version = "v0.8.1"

[[projects]]
  digest = "1:0028cb19b2e4c3112225cd871870f2d9cf49b9b4276531f03438a88e94be86fe"
  name = "github.com/pmezard/go-difflib"
  packages = ["difflib"]
  pruneopts = "UT"
  revision = "792786c7400a136282c1664665ae0a8db921c6c2"
  version = "v1.0.0"

[[projects]]
  digest = "1:19a227084137c73d7a519ff90acc9fa69855c2ba134bb9c7dfe94e9ad2949c64"
  name = "github.com/prometheus/tsdb"
  packages = ["fileutil"]
  pruneopts = "UT"
  revision = "7762249358193da791ec62e72b080d908f96e776"
  version = "v0.10.0"

[[projects]]
  digest = "1:31d83d1b1c288073c91abadee3caec87de2a1fb5dbe589039264a802e67a26b8"
  name = "github.com/rjeczalik/notify"
  packages = ["."]
  pruneopts = "UT"
  revision = "69d839f37b13a8cb7a78366f7633a4071cb43be7"
  version = "v0.9.2"

[[projects]]
  digest = "1:c5dfe46811af7e2eff7c11fc84b6c841520338613c056f659f262d5a4fb42fa8"
  name = "github.com/rs/cors"
  packages = ["."]
  pruneopts = "UT"
  revision = "db0fe48135e83b5812a5a31be0eea66984b1b521"
  version = "v1.7.0"

[[projects]]
  branch = "develop"
  digest = "1:6deccaba5762377091f2e5b26dba70e630e01edb3f95d1a6a59d9b098bd4358f"
  name = "github.com/status-im/keycard-go"
  packages = ["derivationpath"]
  pruneopts = "UT"
  revision = "d95853db0f480b9d6379009500acf44b21dc0be6"

[[projects]]
  digest = "1:266e2f508feb9a9a765bfeb74d116a88514248b2f8428788dcce574bd026b9c0"
  name = "github.com/steakknife/bloomfilter"
  packages = ["."]
  pruneopts = "UT"
  revision = "99ee86d9200fcc2ffde62f508329bd6627c0a307"
  version = "1.0.4"

[[projects]]
  digest = "1:5ca4bdccd72e66aaba5b52f9c4a21f1021102f0919432fe138ad5d48abf06833"
  name = "github.com/steakknife/hamming"
  packages = ["."]
  pruneopts = "UT"
  revision = "003c143a81c25ea5e263d692919c611c7122ae6b"
  version = "0.2.5"

[[projects]]
  digest = "1:5da8ce674952566deae4dbc23d07c85caafc6cfa815b0b3e03e41979cedb8750"
  name = "github.com/stretchr/testify"
  packages = [
    "assert",
    "require",
  ]
  pruneopts = "UT"
  revision = "ffdc059bfe9ce6a4e144ba849dbedead332c6053"
  version = "v1.3.0"

[[projects]]
  digest = "1:5b180f17d5bc50b765f4dcf0d126c72979531cbbd7f7929bf3edd87fb801ea2d"
  name = "github.com/syndtr/goleveldb"
  packages = [
    "leveldb",
    "leveldb/cache",
    "leveldb/comparer",
    "leveldb/errors",
    "leveldb/filter",
    "leveldb/iterator",
    "leveldb/journal",
    "leveldb/memdb",
    "leveldb/opt",
    "leveldb/storage",
    "leveldb/table",
    "leveldb/util",
  ]
  pruneopts = "UT"
  revision = "9d007e481048296f09f59bd19bb7ae584563cd95"
  version = "v1.0.0"

[[projects]]
  digest = "1:dc3b40a213c80dbe3ceb6f75fe0ba41ad0e0322d64e9266bc8ebdcea5a54b6ca"
  name = "github.com/tendermint/go-amino"
  packages = ["."]
  pruneopts = "UT"
  revision = "6423ac677daf641ec900ec831a5abe79d2e71194"
  version = "v0.15.0"

[[projects]]
  digest = "1:e35f5f8b3d72030e16062e5a7a5efb6faba76859eba0e448984c6bd31f82f220"
  name = "github.com/tendermint/tendermint"
  packages = [
    "abci/types",
    "crypto",
    "crypto/ed25519",
    "crypto/encoding/amino",
    "crypto/merkle",
    "crypto/multisig",
    "crypto/multisig/bitarray",
    "crypto/secp256k1",
    "crypto/secp256k1/internal/secp256k1",
    "crypto/tmhash",
    "libs/common",
    "libs/log",
    "libs/pubsub",
    "libs/pubsub/query",
    "types",
    "types/time",
    "version",
  ]
  pruneopts = "UT"
  revision = "76f3db06b8dbbfe5d6c4d0f4a6131b58ed36869d"
  version = "v0.32.2"

[[projects]]
  digest = "1:91b40a2adb6b4ccd51b1dfb306edfa76139e1599b01666346085472b386f5447"
  name = "github.com/tyler-smith/go-bip39"
  packages = [
    ".",
    "wordlists",
  ]
  pruneopts = "UT"
  revision = "5e3853c3f4e1a44df487c7efeb064ee8b43755de"
  version = "1.0.2"

[[projects]]
  branch = "master"
  digest = "1:7dca0da64f5937af74f21618cdb812c8f16a7d042316dd5bf2f1dfd086be3fc6"
  name = "github.com/wsddn/go-ecdh"
  packages = ["."]
  pruneopts = "UT"
  revision = "48726bab92085232373de4ec5c51ce7b441c63a0"

[[projects]]
  branch = "master"
  digest = "1:40fdfd6ab85ca32b6935853bbba35935dcb1d796c8135efd85947566c76e662e"
  name = "github.com/xdg/scram"
  packages = ["."]
  pruneopts = "UT"
  revision = "7eeb5667e42c09cb51bf7b7c28aea8c56767da90"

[[projects]]
  branch = "master"
  digest = "1:f5c1d04bc09c644c592b45b9f0bad4030521b1a7d11c7dadbb272d9439fa6e8e"
  name = "github.com/xdg/stringprep"
  packages = ["."]
  pruneopts = "UT"
  revision = "73f8eece6fdcd902c185bf651de50f3828bed5ed"

[[projects]]
  digest = "1:c540afe732e96088051488bc827eadfba64b90a0e803ea61e7ec80907887362e"
  name = "go.mongodb.org/mongo-driver"
  packages = [
    "bson",
    "bson/bsoncodec",
    "bson/bsonrw",
    "bson/bsontype",
    "bson/primitive",
    "event",
    "internal",
    "mongo",
    "mongo/options",
    "mongo/readconcern",
    "mongo/readpref",
    "mongo/writeconcern",
    "tag",
    "version",
    "x/bsonx",
    "x/bsonx/bsoncore",
    "x/mongo/driver",
    "x/mongo/driver/address",
    "x/mongo/driver/auth",
    "x/mongo/driver/auth/internal/gssapi",
    "x/mongo/driver/connstring",
    "x/mongo/driver/description",
    "x/mongo/driver/dns",
    "x/mongo/driver/operation",
    "x/mongo/driver/session",
    "x/mongo/driver/topology",
    "x/mongo/driver/uuid",
    "x/mongo/driver/wiremessage",
  ]
  pruneopts = "UT"
  revision = "d42ea7239f0db8a61e77191b9f2730a922459042"
  version = "v1.1.0"

[[projects]]
  branch = "master"
  digest = "1:7d983fc1af82d564d9ee9544753652bc4d28ef1535f41d2e798db415d825245f"
  name = "golang.org/x/crypto"
  packages = [
    "curve25519",
    "ed25519",
    "ed25519/internal/edwards25519",
    "pbkdf2",
    "ripemd160",
    "scrypt",
    "sha3",
    "ssh/terminal",
  ]
  pruneopts = "UT"
  revision = "4def268fd1a49955bfb3dda92fe3db4f924f2285"

[[projects]]
  branch = "master"
  digest = "1:580eb6227f0f8be80e558b60c260b44ec1f7e72fdfbbc166719582d5c60ba0d4"
  name = "golang.org/x/net"
  packages = [
    "context",
    "html",
    "html/atom",
    "html/charset",
    "http/httpguts",
    "http2",
    "http2/hpack",
    "idna",
    "internal/timeseries",
    "trace",
  ]
  pruneopts = "UT"
  revision = "74dc4d7220e7acc4e100824340f3e66577424772"

[[projects]]
  branch = "master"
  digest = "1:382bb5a7fb4034db3b6a2d19e5a4a6bcf52f4750530603c01ca18a172fa3089b"
  name = "golang.org/x/sync"
  packages = ["semaphore"]
  pruneopts = "UT"
  revision = "112230192c580c3556b8cee6403af37a4fc5f28c"

[[projects]]
  branch = "master"
  digest = "1:6c97b4baa9cf774b42192e23632afc7dee7b899d4a3dc98057d24708ce1f60ac"
  name = "golang.org/x/sys"
  packages = [
    "cpu",
    "unix",
    "windows",
  ]
  pruneopts = "UT"
  revision = "fde4db37ae7ad8191b03d30d27f258b5291ae4e3"

[[projects]]
  digest = "1:28deae5fe892797ff37a317b5bcda96d11d1c90dadd89f1337651df3bc4c586e"
  name = "golang.org/x/text"
  packages = [
    "collate",
    "collate/build",
    "encoding",
    "encoding/charmap",
    "encoding/htmlindex",
    "encoding/internal",
    "encoding/internal/identifier",
    "encoding/japanese",
    "encoding/korean",
    "encoding/simplifiedchinese",
    "encoding/traditionalchinese",
    "encoding/unicode",
    "internal/colltab",
    "internal/gen",
    "internal/language",
    "internal/language/compact",
    "internal/tag",
    "internal/triegen",
    "internal/ucd",
    "internal/utf8internal",
    "language",
    "runes",
    "secure/bidirule",
    "transform",
    "unicode/bidi",
    "unicode/cldr",
    "unicode/norm",
    "unicode/rangetable",
  ]
  pruneopts = "UT"
  revision = "342b2e1fbaa52c93f31447ad2c6abc048c63e475"
  version = "v0.3.2"

[[projects]]
  branch = "master"
  digest = "1:583a0c80f5e3a9343d33aea4aead1e1afcc0043db66fdf961ddd1fe8cd3a4faf"
  name = "google.golang.org/genproto"
  packages = ["googleapis/rpc/status"]
  pruneopts = "UT"
  revision = "fa694d86fc64c7654a660f8908de4e879866748d"

[[projects]]
  digest = "1:3b97661db2e5d4c87f7345e875ea28f911e54c715ba0a74be08e1649d67e05cd"
  name = "google.golang.org/grpc"
  packages = [
    ".",
    "balancer",
    "balancer/base",
    "balancer/roundrobin",
    "binarylog/grpc_binarylog_v1",
    "codes",
    "connectivity",
    "credentials",
    "credentials/internal",
    "encoding",
    "encoding/proto",
    "grpclog",
    "internal",
    "internal/backoff",
    "internal/balancerload",
    "internal/binarylog",
    "internal/channelz",
    "internal/envconfig",
    "internal/grpcrand",
    "internal/grpcsync",
    "internal/syscall",
    "internal/transport",
    "keepalive",
    "metadata",
    "naming",
    "peer",
    "resolver",
    "resolver/dns",
    "resolver/passthrough",
    "serviceconfig",
    "stats",
    "status",
    "tap",
  ]
  pruneopts = "UT"
  revision = "6eaf6f47437a6b4e2153a190160ef39a92c7eceb"
  version = "v1.23.0"

[[projects]]
  branch = "v1"
  digest = "1:af715ae33cc1f5695c4b2a4e4b21d008add8802a99e15bb467ac7c32edb5000d"
  name = "gopkg.in/check.v1"
  packages = ["."]
  pruneopts = "UT"
  revision = "788fd78401277ebd861206a03c884797c6ec5541"

[[projects]]
  branch = "v2"
  digest = "1:3d3f9391ab615be8655ae0d686a1564f3fec413979bb1aaf018bac1ec1bb1cc7"
  name = "gopkg.in/natefinch/npipe.v2"
  packages = ["."]
  pruneopts = "UT"
  revision = "c1b8fa8bdccecb0b8db834ee0b92fdbcfa606dd6"

[[projects]]
  branch = "v3"
  digest = "1:9a616c5b6667d3de5380dfc2adefb956e9f3b3448fb2196fc81664e2240bce74"
  name = "gopkg.in/olebedev/go-duktape.v3"
  packages = ["."]
  pruneopts = "UT"
  revision = "1e4459ed25ff207bef4c6693fa17a4d11575f6a7"

[[projects]]
  digest = "1:ca4df663ad76879ad38dbd736493679cbb1aa596c6d479fd9fc5e959e5ceb4fb"
  name = "gopkg.in/urfave/cli.v1"
  packages = ["."]
  pruneopts = "UT"
  revision = "e6cf83ec39f6e1158ced1927d4ed14578fda8edb"
  version = "v1.21.0"

[[projects]]
  digest = "1:4d2e5a73dc1500038e504a8d78b986630e3626dc027bc030ba5c75da257cdb96"
  name = "gopkg.in/yaml.v2"
  packages = ["."]
  pruneopts = "UT"
  revision = "51d6538a90f86fe93ac480b35f37b2be17fef232"
  version = "v2.2.2"

[solve-meta]
  analyzer-name = "dep"
  analyzer-version = 1
  input-imports = [
    "github.com/aristanetworks/goarista/monotime",
    "github.com/btcsuite/btcd/btcec",
    "github.com/davecgh/go-spew/spew",
    "github.com/deckarep/golang-set",
    "github.com/ebuchman/fail-test",
    "github.com/ethereum/go-ethereum/accounts/abi",
    "github.com/ethereum/go-ethereum/common",
    "github.com/ethereum/go-ethereum/common/hexutil",
    "github.com/ethereum/go-ethereum/core",
    "github.com/ethereum/go-ethereum/core/types",
    "github.com/ethereum/go-ethereum/crypto",
    "github.com/ethereum/go-ethereum/eth",
    "github.com/ethereum/go-ethereum/ethclient",
    "github.com/ethereum/go-ethereum/ethdb",
    "github.com/ethereum/go-ethereum/ethstats",
    "github.com/ethereum/go-ethereum/les",
    "github.com/ethereum/go-ethereum/log",
    "github.com/ethereum/go-ethereum/metrics",
    "github.com/ethereum/go-ethereum/node",
    "github.com/ethereum/go-ethereum/p2p",
    "github.com/ethereum/go-ethereum/p2p/discv5",
    "github.com/ethereum/go-ethereum/p2p/enode",
    "github.com/ethereum/go-ethereum/params",
    "github.com/go-stack/stack",
    "github.com/golang/protobuf/jsonpb",
    "github.com/golang/protobuf/proto",
    "github.com/golang/snappy",
    "github.com/gorilla/mux",
    "github.com/hashicorp/golang-lru",
    "github.com/huin/goupnp",
    "github.com/huin/goupnp/dcps/internetgateway1",
    "github.com/huin/goupnp/dcps/internetgateway2",
    "github.com/jackpal/go-nat-pmp",
    "github.com/pebbe/zmq4",
    "github.com/pkg/errors",
    "github.com/rs/cors",
    "github.com/stretchr/testify/assert",
    "github.com/stretchr/testify/require",
    "github.com/syndtr/goleveldb/leveldb",
    "github.com/syndtr/goleveldb/leveldb/errors",
    "github.com/syndtr/goleveldb/leveldb/filter",
    "github.com/syndtr/goleveldb/leveldb/iterator",
    "github.com/syndtr/goleveldb/leveldb/opt",
    "github.com/syndtr/goleveldb/leveldb/storage",
    "github.com/syndtr/goleveldb/leveldb/util",
    "github.com/tendermint/tendermint/crypto/merkle",
    "github.com/tendermint/tendermint/libs/common",
    "github.com/tendermint/tendermint/types",
    "go.mongodb.org/mongo-driver/bson",
    "go.mongodb.org/mongo-driver/bson/primitive",
    "go.mongodb.org/mongo-driver/mongo",
    "go.mongodb.org/mongo-driver/mongo/options",
    "go.mongodb.org/mongo-driver/x/bsonx",
    "golang.org/x/crypto/ripemd160",
    "golang.org/x/crypto/scrypt",
    "golang.org/x/crypto/sha3",
    "gopkg.in/check.v1",
    "gopkg.in/yaml.v2",
  ]
  solver-name = "gps-cdcl"
  solver-version = 1
